
Microsoft Visual Studio Solution File, Format Version 12.00
# Visual Studio Version 16
VisualStudioVersion = 16.0.29728.190
MinimumVisualStudioVersion = 10.0.40219.1
Project("{F2A71F9B-5D33-465A-A702-920D77279786}") = "CalculatriceAPI", "CalculatriceAPI\CalculatriceAPI.fsproj", "{BB64C03A-F72F-47B2-9A63-A54B7682A481}"
EndProject
Global
	GlobalSection(SolutionConfigurationPlatforms) = preSolution
		Debug|Any CPU = Debug|Any CPU
		Release|Any CPU = Release|Any CPU
	EndGlobalSection
	GlobalSection(ProjectConfigurationPlatforms) = postSolution
		{BB64C03A-F72F-47B2-9A63-A54B7682A481}.Debug|Any CPU.ActiveCfg = Debug|Any CPU
		{BB64C03A-F72F-47B2-9A63-A54B7682A481}.Debug|Any CPU.Build.0 = Debug|Any CPU
		{BB64C03A-F72F-47B2-9A63-A54B7682A481}.Release|Any CPU.ActiveCfg = Release|Any CPU
		{BB64C03A-F72F-47B2-9A63-A54B7682A481}.Release|Any CPU.Build.0 = Release|Any CPU
	EndGlobalSection
	GlobalSection(SolutionProperties) = preSolution
		HideSolutionNode = FALSE
	EndGlobalSection
	GlobalSection(ExtensibilityGlobals) = postSolution
		SolutionGuid = {6065E820-4226-472D-9B13-3A5AFBA8AC29}
	EndGlobalSection
EndGlobal
